
Microsoft Visual Studio Solution File, Format Version 12.00
# Visual Studio Version 17
VisualStudioVersion = 17.0.31919.166
MinimumVisualStudioVersion = 10.0.40219.1
Project("{FAE04EC0-301F-11D3-BF4B-00C04F79EFBC}") = "Restaurant.API", "Restaurant.API\Restaurant.API.csproj", "{EFB6FD75-0E9C-4D2A-B20A-4A48FE648720}"
EndProject
Project("{FAE04EC0-301F-11D3-BF4B-00C04F79EFBC}") = "Restaurant.Repositories", "Restaurant.Repositories\Restaurant.Repositories.csproj", "{8B8D6751-53DA-413F-910A-F65F9E1F3565}"
EndProject
Project("{FAE04EC0-301F-11D3-BF4B-00C04F79EFBC}") = "Restaurant.Data", "Restaurant.Data\Restaurant.Data.csproj", "{4545D994-948B-42AB-B056-90AB57AB3B17}"
EndProject
Project("{FAE04EC0-301F-11D3-BF4B-00C04F79EFBC}") = "Restaurant.Services", "Restaurant.Services\Restaurant.Services.csproj", "{13DD062B-33AF-41C3-92B4-A23D620DB88B}"
EndProject
Global
	GlobalSection(SolutionConfigurationPlatforms) = preSolution
		Debug|Any CPU = Debug|Any CPU
		Release|Any CPU = Release|Any CPU
	EndGlobalSection
	GlobalSection(ProjectConfigurationPlatforms) = postSolution
		{EFB6FD75-0E9C-4D2A-B20A-4A48FE648720}.Debug|Any CPU.ActiveCfg = Debug|Any CPU
		{EFB6FD75-0E9C-4D2A-B20A-4A48FE648720}.Debug|Any CPU.Build.0 = Debug|Any CPU
		{EFB6FD75-0E9C-4D2A-B20A-4A48FE648720}.Release|Any CPU.ActiveCfg = Release|Any CPU
		{EFB6FD75-0E9C-4D2A-B20A-4A48FE648720}.Release|Any CPU.Build.0 = Release|Any CPU
		{8B8D6751-53DA-413F-910A-F65F9E1F3565}.Debug|Any CPU.ActiveCfg = Debug|Any CPU
		{8B8D6751-53DA-413F-910A-F65F9E1F3565}.Debug|Any CPU.Build.0 = Debug|Any CPU
		{8B8D6751-53DA-413F-910A-F65F9E1F3565}.Release|Any CPU.ActiveCfg = Release|Any CPU
		{8B8D6751-53DA-413F-910A-F65F9E1F3565}.Release|Any CPU.Build.0 = Release|Any CPU
		{4545D994-948B-42AB-B056-90AB57AB3B17}.Debug|Any CPU.ActiveCfg = Debug|Any CPU
		{4545D994-948B-42AB-B056-90AB57AB3B17}.Debug|Any CPU.Build.0 = Debug|Any CPU
		{4545D994-948B-42AB-B056-90AB57AB3B17}.Release|Any CPU.ActiveCfg = Release|Any CPU
		{4545D994-948B-42AB-B056-90AB57AB3B17}.Release|Any CPU.Build.0 = Release|Any CPU
		{13DD062B-33AF-41C3-92B4-A23D620DB88B}.Debug|Any CPU.ActiveCfg = Debug|Any CPU
		{13DD062B-33AF-41C3-92B4-A23D620DB88B}.Debug|Any CPU.Build.0 = Debug|Any CPU
		{13DD062B-33AF-41C3-92B4-A23D620DB88B}.Release|Any CPU.ActiveCfg = Release|Any CPU
		{13DD062B-33AF-41C3-92B4-A23D620DB88B}.Release|Any CPU.Build.0 = Release|Any CPU
	EndGlobalSection
	GlobalSection(SolutionProperties) = preSolution
		HideSolutionNode = FALSE
	EndGlobalSection
	GlobalSection(ExtensibilityGlobals) = postSolution
		SolutionGuid = {97FBFD36-9DAE-44AE-B87D-308D82108A4E}
	EndGlobalSection
EndGlobal
